
Microsoft Visual Studio Solution File, Format Version 12.00
# Visual Studio Version 17
VisualStudioVersion = 17.3.32922.545
MinimumVisualStudioVersion = 10.0.40219.1
Project("{9A19103F-16F7-4668-BE54-9A1E7A4F7556}") = "ProductGrpc", "ProductGrpc\ProductGrpc.csproj", "{5D9BF03A-C3A5-49AB-85DE-B468177B1369}"
EndProject
Project("{2150E333-8FDC-42A3-9474-1A3956D46DE8}") = "1 - API", "1 - API", "{03F5DD76-9DBC-4F1E-B846-4C5698940725}"
EndProject
Global
	GlobalSection(SolutionConfigurationPlatforms) = preSolution
		Debug|Any CPU = Debug|Any CPU
		Release|Any CPU = Release|Any CPU
	EndGlobalSection
	GlobalSection(ProjectConfigurationPlatforms) = postSolution
		{5D9BF03A-C3A5-49AB-85DE-B468177B1369}.Debug|Any CPU.ActiveCfg = Debug|Any CPU
		{5D9BF03A-C3A5-49AB-85DE-B468177B1369}.Debug|Any CPU.Build.0 = Debug|Any CPU
		{5D9BF03A-C3A5-49AB-85DE-B468177B1369}.Release|Any CPU.ActiveCfg = Release|Any CPU
		{5D9BF03A-C3A5-49AB-85DE-B468177B1369}.Release|Any CPU.Build.0 = Release|Any CPU
	EndGlobalSection
	GlobalSection(SolutionProperties) = preSolution
		HideSolutionNode = FALSE
	EndGlobalSection
	GlobalSection(NestedProjects) = preSolution
		{5D9BF03A-C3A5-49AB-85DE-B468177B1369} = {03F5DD76-9DBC-4F1E-B846-4C5698940725}
	EndGlobalSection
	GlobalSection(ExtensibilityGlobals) = postSolution
		SolutionGuid = {E575F773-74AE-4B2C-ACC1-1882A16947F8}
	EndGlobalSection
EndGlobal
